
Microsoft Visual Studio Solution File, Format Version 12.00
# Visual Studio Version 16
VisualStudioVersion = 16.0.30523.141
MinimumVisualStudioVersion = 10.0.40219.1
Project("{FAE04EC0-301F-11D3-BF4B-00C04F79EFBC}") = "UartSerialTool", "UartSerialTool\UartSerialTool.csproj", "{6DA74636-9726-47C2-B871-14C4FB293691}"
EndProject
Global
	GlobalSection(SolutionConfigurationPlatforms) = preSolution
		Debug|Any CPU = Debug|Any CPU
		Release|Any CPU = Release|Any CPU
	EndGlobalSection
	GlobalSection(ProjectConfigurationPlatforms) = postSolution
		{6DA74636-9726-47C2-B871-14C4FB293691}.Debug|Any CPU.ActiveCfg = Debug|Any CPU
		{6DA74636-9726-47C2-B871-14C4FB293691}.Debug|Any CPU.Build.0 = Debug|Any CPU
		{6DA74636-9726-47C2-B871-14C4FB293691}.Release|Any CPU.ActiveCfg = Release|Any CPU
		{6DA74636-9726-47C2-B871-14C4FB293691}.Release|Any CPU.Build.0 = Release|Any CPU
	EndGlobalSection
	GlobalSection(SolutionProperties) = preSolution
		HideSolutionNode = FALSE
	EndGlobalSection
	GlobalSection(ExtensibilityGlobals) = postSolution
		SolutionGuid = {CEB75126-B279-4D86-80C1-543C04C1EA69}
	EndGlobalSection
EndGlobal
